github.com/monopole/hayduke v0.0.0-20191023192131-3d6ea0610120 h1:wYByUkdM9KsW8wk5tUoE4/mohGTncKTncUqVdQyGSlg=
github.com/monopole/hayduke/api v1.0.0 h1:DvkWc4g3I6dFwfiAgzuatzAbAFybX1PObJddOG8T9sk=
github.com/monopole/hayduke/api v1.0.0/go.mod h1:dVgL31On1FoCaRqTYLgFBoFIgVSnrxx1q2a/65Y/KWg=
github.com/monopole/hayduke/api/v2 v2.0.0 h1:IQoxQUFc6/DuWL3f8LeFlvEmZVdF19T/8WQuRJFdzVM=
github.com/monopole/hayduke/api/v2 v2.0.0/go.mod h1:9KMdg2yFqtWHNW6AickOs10Q+547QneoZ2bkxqnUODw=
